// !$*UTF8*$!
{
	archiveVersion = 1;
	classes = {
	};
	objectVersion = 77;
	objects = {

/* Begin PBXBuildFile section */
		B41EF4FD2D7C93E700AE7B73 /* GameListView.swift in Sources */ = {isa = PBXBuildFile; fileRef = B41EF4FC2D7C93E700AE7B73 /* GameListView.swift */; };
		B41EF5052D7C9D4800AE7B73 /* ViewModel.swift in Sources */ = {isa = PBXBuildFile; fileRef = B41EF5012D7C9A8200AE7B73 /* ViewModel.swift */; };
		B41EF5062D7C9D5000AE7B73 /* Game.swift in Sources */ = {isa = PBXBuildFile; fileRef = B41EF5042D7C9CB100AE7B73 /* Game.swift */; };
		B41EF5072D7C9D5500AE7B73 /* FileDownloader.swift in Sources */ = {isa = PBXBuildFile; fileRef = B41EF4FF2D7C9A3000AE7B73 /* FileDownloader.swift */; };
		B41EF5092D7CA89A00AE7B73 /* GameDetail.swift in Sources */ = {isa = PBXBuildFile; fileRef = B41EF5082D7CA89A00AE7B73 /* GameDetail.swift */; };
		B41EF50B2D7CA8F500AE7B73 /* GameDetailView.swift in Sources */ = {isa = PBXBuildFile; fileRef = B41EF50A2D7CA8F500AE7B73 /* GameDetailView.swift */; };
		B41EF50E2D7CA9FD00AE7B73 /* SDWebImageSwiftUI in Frameworks */ = {isa = PBXBuildFile; productRef = B41EF50D2D7CA9FD00AE7B73 /* SDWebImageSwiftUI */; };
		B41EF51A2D7D82AD00AE7B73 /* Persistence.swift in Sources */ = {isa = PBXBuildFile; fileRef = B41EF5192D7D82AD00AE7B73 /* Persistence.swift */; };
		B41EF51C2D7DC2D500AE7B73 /* WishlistItem.swift in Sources */ = {isa = PBXBuildFile; fileRef = B41EF51B2D7DC2D500AE7B73 /* WishlistItem.swift */; };
		B41EF51E2D7DC36800AE7B73 /* WishlistView.swift in Sources */ = {isa = PBXBuildFile; fileRef = B41EF51D2D7DC36800AE7B73 /* WishlistView.swift */; };
		B41EF5202D7EBFD200AE7B73 /* MainTabView.swift in Sources */ = {isa = PBXBuildFile; fileRef = B41EF51F2D7EBFD200AE7B73 /* MainTabView.swift */; };
		B41EF5222D8168C600AE7B73 /* DownloadItem.swift in Sources */ = {isa = PBXBuildFile; fileRef = B41EF5212D8168C600AE7B73 /* DownloadItem.swift */; };
/* End PBXBuildFile section */

/* Begin PBXFileReference section */
		B41EF4E92D7C937F00AE7B73 /* NX-Content.app */ = {isa = PBXFileReference; explicitFileType = wrapper.application; includeInIndex = 0; path = "NX-Content.app"; sourceTree = BUILT_PRODUCTS_DIR; };
		B41EF4FC2D7C93E700AE7B73 /* GameListView.swift */ = {isa = PBXFileReference; lastKnownFileType = sourcecode.swift; path = GameListView.swift; sourceTree = "<group>"; };
		B41EF4FF2D7C9A3000AE7B73 /* FileDownloader.swift */ = {isa = PBXFileReference; lastKnownFileType = sourcecode.swift; path = FileDownloader.swift; sourceTree = "<group>"; };
		B41EF5012D7C9A8200AE7B73 /* ViewModel.swift */ = {isa = PBXFileReference; lastKnownFileType = sourcecode.swift; path = ViewModel.swift; sourceTree = "<group>"; };
		B41EF5042D7C9CB100AE7B73 /* Game.swift */ = {isa = PBXFileReference; lastKnownFileType = sourcecode.swift; path = Game.swift; sourceTree = "<group>"; };
		B41EF5082D7CA89A00AE7B73 /* GameDetail.swift */ = {isa = PBXFileReference; lastKnownFileType = sourcecode.swift; path = GameDetail.swift; sourceTree = "<group>"; };
		B41EF50A2D7CA8F500AE7B73 /* GameDetailView.swift */ = {isa = PBXFileReference; lastKnownFileType = sourcecode.swift; path = GameDetailView.swift; sourceTree = "<group>"; };
		B41EF5192D7D82AD00AE7B73 /* Persistence.swift */ = {isa = PBXFileReference; lastKnownFileType = sourcecode.swift; path = Persistence.swift; sourceTree = "<group>"; };
		B41EF51B2D7DC2D500AE7B73 /* WishlistItem.swift */ = {isa = PBXFileReference; lastKnownFileType = sourcecode.swift; path = WishlistItem.swift; sourceTree = "<group>"; };
		B41EF51D2D7DC36800AE7B73 /* WishlistView.swift */ = {isa = PBXFileReference; lastKnownFileType = sourcecode.swift; path = WishlistView.swift; sourceTree = "<group>"; };
		B41EF51F2D7EBFD200AE7B73 /* MainTabView.swift */ = {isa = PBXFileReference; lastKnownFileType = sourcecode.swift; path = MainTabView.swift; sourceTree = "<group>"; };
		B41EF5212D8168C600AE7B73 /* DownloadItem.swift */ = {isa = PBXFileReference; lastKnownFileType = sourcecode.swift; path = DownloadItem.swift; sourceTree = "<group>"; };
/* End PBXFileReference section */

/* Begin PBXFileSystemSynchronizedBuildFileExceptionSet section */
		B41EF5182D7CB86800AE7B73 /* Exceptions for "NX-Content" folder in "NX-Content" target */ = {
			isa = PBXFileSystemSynchronizedBuildFileExceptionSet;
			membershipExceptions = (
				Info.plist,
			);
			target = B41EF4E82D7C937F00AE7B73 /* NX-Content */;
		};
/* End PBXFileSystemSynchronizedBuildFileExceptionSet section */

/* Begin PBXFileSystemSynchronizedRootGroup section */
		B41EF4EB2D7C937F00AE7B73 /* NX-Content */ = {
			isa = PBXFileSystemSynchronizedRootGroup;
			exceptions = (
				B41EF5182D7CB86800AE7B73 /* Exceptions for "NX-Content" folder in "NX-Content" target */,
			);
			path = "NX-Content";
			sourceTree = "<group>";
		};
/* End PBXFileSystemSynchronizedRootGroup section */

/* Begin PBXFrameworksBuildPhase section */
		B41EF4E62D7C937F00AE7B73 /* Frameworks */ = {
			isa = PBXFrameworksBuildPhase;
			buildActionMask = 2147483647;
			files = (
				B41EF50E2D7CA9FD00AE7B73 /* SDWebImageSwiftUI in Frameworks */,
			);
			runOnlyForDeploymentPostprocessing = 0;
		};
/* End PBXFrameworksBuildPhase section */

/* Begin PBXGroup section */
		B41EF4E02D7C937E00AE7B73 = {
			isa = PBXGroup;
			children = (
				B41EF4EB2D7C937F00AE7B73 /* NX-Content */,
				B41EF4FE2D7C940C00AE7B73 /* Utils */,
				B41EF5002D7C9A6A00AE7B73 /* ViewModel */,
				B41EF4FB2D7C93C500AE7B73 /* Views */,
				B41EF5022D7C9C7500AE7B73 /* Model */,
				B41EF4EA2D7C937F00AE7B73 /* Products */,
			);
			sourceTree = "<group>";
		};
		B41EF4EA2D7C937F00AE7B73 /* Products */ = {
			isa = PBXGroup;
			children = (
				B41EF4E92D7C937F00AE7B73 /* NX-Content.app */,
			);
			name = Products;
			sourceTree = "<group>";
		};
		B41EF4FB2D7C93C500AE7B73 /* Views */ = {
			isa = PBXGroup;
			children = (
				B41EF51F2D7EBFD200AE7B73 /* MainTabView.swift */,
				B41EF51D2D7DC36800AE7B73 /* WishlistView.swift */,
				B41EF4FC2D7C93E700AE7B73 /* GameListView.swift */,
				B41EF50A2D7CA8F500AE7B73 /* GameDetailView.swift */,
			);
			path = Views;
			sourceTree = "<group>";
		};
		B41EF4FE2D7C940C00AE7B73 /* Utils */ = {
			isa = PBXGroup;
			children = (
				B41EF5192D7D82AD00AE7B73 /* Persistence.swift */,
				B41EF4FF2D7C9A3000AE7B73 /* FileDownloader.swift */,
			);
			path = Utils;
			sourceTree = "<group>";
		};
		B41EF5002D7C9A6A00AE7B73 /* ViewModel */ = {
			isa = PBXGroup;
			children = (
				B41EF5012D7C9A8200AE7B73 /* ViewModel.swift */,
			);
			path = ViewModel;
			sourceTree = "<group>";
		};
		B41EF5022D7C9C7500AE7B73 /* Model */ = {
			isa = PBXGroup;
			children = (
				B41EF5212D8168C600AE7B73 /* DownloadItem.swift */,
				B41EF51B2D7DC2D500AE7B73 /* WishlistItem.swift */,
				B41EF5042D7C9CB100AE7B73 /* Game.swift */,
				B41EF5082D7CA89A00AE7B73 /* GameDetail.swift */,
			);
			path = Model;
			sourceTree = "<group>";
		};
/* End PBXGroup section */

/* Begin PBXNativeTarget section */
		B41EF4E82D7C937F00AE7B73 /* NX-Content */ = {
			isa = PBXNativeTarget;
			buildConfigurationList = B41EF4F82D7C938000AE7B73 /* Build configuration list for PBXNativeTarget "NX-Content" */;
			buildPhases = (
				B41EF4E52D7C937F00AE7B73 /* Sources */,
				B41EF4E62D7C937F00AE7B73 /* Frameworks */,
				B41EF4E72D7C937F00AE7B73 /* Resources */,
			);
			buildRules = (
			);
			dependencies = (
			);
			fileSystemSynchronizedGroups = (
				B41EF4EB2D7C937F00AE7B73 /* NX-Content */,
			);
			name = "NX-Content";
			packageProductDependencies = (
				B41EF50D2D7CA9FD00AE7B73 /* SDWebImageSwiftUI */,
			);
			productName = "NX-Content";
			productReference = B41EF4E92D7C937F00AE7B73 /* NX-Content.app */;
			productType = "com.apple.product-type.application";
		};
/* End PBXNativeTarget section */

/* Begin PBXProject section */
		B41EF4E12D7C937E00AE7B73 /* Project object */ = {
			isa = PBXProject;
			attributes = {
				BuildIndependentTargetsInParallel = 1;
				LastSwiftUpdateCheck = 1610;
				LastUpgradeCheck = 1610;
				TargetAttributes = {
					B41EF4E82D7C937F00AE7B73 = {
						CreatedOnToolsVersion = 16.1;
					};
				};
			};
			buildConfigurationList = B41EF4E42D7C937E00AE7B73 /* Build configuration list for PBXProject "NX-Content" */;
			developmentRegion = en;
			hasScannedForEncodings = 0;
			knownRegions = (
				en,
				Base,
			);
			mainGroup = B41EF4E02D7C937E00AE7B73;
			minimizedProjectReferenceProxies = 1;
			packageReferences = (
				B41EF50C2D7CA9FD00AE7B73 /* XCRemoteSwiftPackageReference "SDWebImageSwiftUI" */,
			);
			preferredProjectObjectVersion = 77;
			productRefGroup = B41EF4EA2D7C937F00AE7B73 /* Products */;
			projectDirPath = "";
			projectRoot = "";
			targets = (
				B41EF4E82D7C937F00AE7B73 /* NX-Content */,
			);
		};
/* End PBXProject section */

/* Begin PBXResourcesBuildPhase section */
		B41EF4E72D7C937F00AE7B73 /* Resources */ = {
			isa = PBXResourcesBuildPhase;
			buildActionMask = 2147483647;
			files = (
			);
			runOnlyForDeploymentPostprocessing = 0;
		};
/* End PBXResourcesBuildPhase section */

/* Begin PBXSourcesBuildPhase section */
		B41EF4E52D7C937F00AE7B73 /* Sources */ = {
			isa = PBXSourcesBuildPhase;
			buildActionMask = 2147483647;
			files = (
				B41EF51C2D7DC2D500AE7B73 /* WishlistItem.swift in Sources */,
				B41EF5072D7C9D5500AE7B73 /* FileDownloader.swift in Sources */,
				B41EF51A2D7D82AD00AE7B73 /* Persistence.swift in Sources */,
				B41EF51E2D7DC36800AE7B73 /* WishlistView.swift in Sources */,
				B41EF50B2D7CA8F500AE7B73 /* GameDetailView.swift in Sources */,
				B41EF5202D7EBFD200AE7B73 /* MainTabView.swift in Sources */,
				B41EF5052D7C9D4800AE7B73 /* ViewModel.swift in Sources */,
				B41EF4FD2D7C93E700AE7B73 /* GameListView.swift in Sources */,
				B41EF5222D8168C600AE7B73 /* DownloadItem.swift in Sources */,
				B41EF5092D7CA89A00AE7B73 /* GameDetail.swift in Sources */,
				B41EF5062D7C9D5000AE7B73 /* Game.swift in Sources */,
			);
			runOnlyForDeploymentPostprocessing = 0;
		};
/* End PBXSourcesBuildPhase section */

/* Begin XCBuildConfiguration section */
		B41EF4F62D7C938000AE7B73 /* Debug */ = {
			isa = XCBuildConfiguration;
			buildSettings = {
				ALWAYS_SEARCH_USER_PATHS = NO;
				ASSETCATALOG_COMPILER_GENERATE_SWIFT_ASSET_SYMBOL_EXTENSIONS = YES;
				CLANG_ANALYZER_NONNULL = YES;
				CLANG_ANALYZER_NUMBER_OBJECT_CONVERSION = YES_AGGRESSIVE;
				CLANG_CXX_LANGUAGE_STANDARD = "gnu++20";
				CLANG_ENABLE_MODULES = YES;
				CLANG_ENABLE_OBJC_ARC = YES;
				CLANG_ENABLE_OBJC_WEAK = YES;
				CLANG_WARN_BLOCK_CAPTURE_AUTORELEASING = YES;
				CLANG_WARN_BOOL_CONVERSION = YES;
				CLANG_WARN_COMMA = YES;
				CLANG_WARN_CONSTANT_CONVERSION = YES;
				CLANG_WARN_DEPRECATED_OBJC_IMPLEMENTATIONS = YES;
				CLANG_WARN_DIRECT_OBJC_ISA_USAGE = YES_ERROR;
				CLANG_WARN_DOCUMENTATION_COMMENTS = YES;
				CLANG_WARN_EMPTY_BODY = YES;
				CLANG_WARN_ENUM_CONVERSION = YES;
				CLANG_WARN_INFINITE_RECURSION = YES;
				CLANG_WARN_INT_CONVERSION = YES;
				CLANG_WARN_NON_LITERAL_NULL_CONVERSION = YES;
				CLANG_WARN_OBJC_IMPLICIT_RETAIN_SELF = YES;
				CLANG_WARN_OBJC_LITERAL_CONVERSION = YES;
				CLANG_WARN_OBJC_ROOT_CLASS = YES_ERROR;
				CLANG_WARN_QUOTED_INCLUDE_IN_FRAMEWORK_HEADER = YES;
				CLANG_WARN_RANGE_LOOP_ANALYSIS = YES;
				CLANG_WARN_STRICT_PROTOTYPES = YES;
				CLANG_WARN_SUSPICIOUS_MOVE = YES;
				CLANG_WARN_UNGUARDED_AVAILABILITY = YES_AGGRESSIVE;
				CLANG_WARN_UNREACHABLE_CODE = YES;
				CLANG_WARN__DUPLICATE_METHOD_MATCH = YES;
				COPY_PHASE_STRIP = NO;
				DEBUG_INFORMATION_FORMAT = dwarf;
				ENABLE_STRICT_OBJC_MSGSEND = YES;
				ENABLE_TESTABILITY = YES;
				ENABLE_USER_SCRIPT_SANDBOXING = YES;
				GCC_C_LANGUAGE_STANDARD = gnu17;
				GCC_DYNAMIC_NO_PIC = NO;
				GCC_NO_COMMON_BLOCKS = YES;
				GCC_OPTIMIZATION_LEVEL = 0;
				GCC_PREPROCESSOR_DEFINITIONS = (
					"DEBUG=1",
					"$(inherited)",
				);
				GCC_WARN_64_TO_32_BIT_CONVERSION = YES;
				GCC_WARN_ABOUT_RETURN_TYPE = YES_ERROR;
				GCC_WARN_UNDECLARED_SELECTOR = YES;
				GCC_WARN_UNINITIALIZED_AUTOS = YES_AGGRESSIVE;
				GCC_WARN_UNUSED_FUNCTION = YES;
				GCC_WARN_UNUSED_VARIABLE = YES;
				LOCALIZATION_PREFERS_STRING_CATALOGS = YES;
				MTL_ENABLE_DEBUG_INFO = INCLUDE_SOURCE;
				MTL_FAST_MATH = YES;
				ONLY_ACTIVE_ARCH = YES;
				SWIFT_ACTIVE_COMPILATION_CONDITIONS = "DEBUG $(inherited)";
				SWIFT_OPTIMIZATION_LEVEL = "-Onone";
			};
			name = Debug;
		};
		B41EF4F72D7C938000AE7B73 /* Release */ = {
			isa = XCBuildConfiguration;
			buildSettings = {
				ALWAYS_SEARCH_USER_PATHS = NO;
				ASSETCATALOG_COMPILER_GENERATE_SWIFT_ASSET_SYMBOL_EXTENSIONS = YES;
				CLANG_ANALYZER_NONNULL = YES;
				CLANG_ANALYZER_NUMBER_OBJECT_CONVERSION = YES_AGGRESSIVE;
				CLANG_CXX_LANGUAGE_STANDARD = "gnu++20";
				CLANG_ENABLE_MODULES = YES;
				CLANG_ENABLE_OBJC_ARC = YES;
				CLANG_ENABLE_OBJC_WEAK = YES;
				CLANG_WARN_BLOCK_CAPTURE_AUTORELEASING = YES;
				CLANG_WARN_BOOL_CONVERSION = YES;
				CLANG_WARN_COMMA = YES;
				CLANG_WARN_CONSTANT_CONVERSION = YES;
				CLANG_WARN_DEPRECATED_OBJC_IMPLEMENTATIONS = YES;
				CLANG_WARN_DIRECT_OBJC_ISA_USAGE = YES_ERROR;
				CLANG_WARN_DOCUMENTATION_COMMENTS = YES;
				CLANG_WARN_EMPTY_BODY = YES;
				CLANG_WARN_ENUM_CONVERSION = YES;
				CLANG_WARN_INFINITE_RECURSION = YES;
				CLANG_WARN_INT_CONVERSION = YES;
				CLANG_WARN_NON_LITERAL_NULL_CONVERSION = YES;
				CLANG_WARN_OBJC_IMPLICIT_RETAIN_SELF = YES;
				CLANG_WARN_OBJC_LITERAL_CONVERSION = YES;
				CLANG_WARN_OBJC_ROOT_CLASS = YES_ERROR;
				CLANG_WARN_QUOTED_INCLUDE_IN_FRAMEWORK_HEADER = YES;
				CLANG_WARN_RANGE_LOOP_ANALYSIS = YES;
				CLANG_WARN_STRICT_PROTOTYPES = YES;
				CLANG_WARN_SUSPICIOUS_MOVE = YES;
				CLANG_WARN_UNGUARDED_AVAILABILITY = YES_AGGRESSIVE;
				CLANG_WARN_UNREACHABLE_CODE = YES;
				CLANG_WARN__DUPLICATE_METHOD_MATCH = YES;
				COPY_PHASE_STRIP = NO;
				DEBUG_INFORMATION_FORMAT = "dwarf-with-dsym";
				ENABLE_NS_ASSERTIONS = NO;
				ENABLE_STRICT_OBJC_MSGSEND = YES;
				ENABLE_USER_SCRIPT_SANDBOXING = YES;
				GCC_C_LANGUAGE_STANDARD = gnu17;
				GCC_NO_COMMON_BLOCKS = YES;
				GCC_WARN_64_TO_32_BIT_CONVERSION = YES;
				GCC_WARN_ABOUT_RETURN_TYPE = YES_ERROR;
				GCC_WARN_UNDECLARED_SELECTOR = YES;
				GCC_WARN_UNINITIALIZED_AUTOS = YES_AGGRESSIVE;
				GCC_WARN_UNUSED_FUNCTION = YES;
				GCC_WARN_UNUSED_VARIABLE = YES;
				LOCALIZATION_PREFERS_STRING_CATALOGS = YES;
				MTL_ENABLE_DEBUG_INFO = NO;
				MTL_FAST_MATH = YES;
				SWIFT_COMPILATION_MODE = wholemodule;
			};
			name = Release;
		};
		B41EF4F92D7C938000AE7B73 /* Debug */ = {
			isa = XCBuildConfiguration;
			buildSettings = {
				ASSETCATALOG_COMPILER_APPICON_NAME = AppIcon;
				ASSETCATALOG_COMPILER_GLOBAL_ACCENT_COLOR_NAME = AccentColor;
				CODE_SIGN_ENTITLEMENTS = "NX-Content/NX_Content.entitlements";
				CODE_SIGN_STYLE = Automatic;
				CURRENT_PROJECT_VERSION = 1;
				DEVELOPMENT_ASSET_PATHS = "\"NX-Content/Preview Content\"";
				DEVELOPMENT_TEAM = "";
				ENABLE_HARDENED_RUNTIME = YES;
				ENABLE_PREVIEWS = YES;
				GENERATE_INFOPLIST_FILE = YES;
				INFOPLIST_FILE = "NX-Content/Info.plist";
				"INFOPLIST_KEY_UIApplicationSceneManifest_Generation[sdk=iphoneos*]" = YES;
				"INFOPLIST_KEY_UIApplicationSceneManifest_Generation[sdk=iphonesimulator*]" = YES;
				"INFOPLIST_KEY_UIApplicationSupportsIndirectInputEvents[sdk=iphoneos*]" = YES;
				"INFOPLIST_KEY_UIApplicationSupportsIndirectInputEvents[sdk=iphonesimulator*]" = YES;
				"INFOPLIST_KEY_UILaunchScreen_Generation[sdk=iphoneos*]" = YES;
				"INFOPLIST_KEY_UILaunchScreen_Generation[sdk=iphonesimulator*]" = YES;
				"INFOPLIST_KEY_UIStatusBarStyle[sdk=iphoneos*]" = UIStatusBarStyleDefault;
				"INFOPLIST_KEY_UIStatusBarStyle[sdk=iphonesimulator*]" = UIStatusBarStyleDefault;
				INFOPLIST_KEY_UISupportedInterfaceOrientations_iPad = "UIInterfaceOrientationPortrait UIInterfaceOrientationPortraitUpsideDown UIInterfaceOrientationLandscapeLeft UIInterfaceOrientationLandscapeRight";
				INFOPLIST_KEY_UISupportedInterfaceOrientations_iPhone = "UIInterfaceOrientationPortrait UIInterfaceOrientationLandscapeLeft UIInterfaceOrientationLandscapeRight";
				IPHONEOS_DEPLOYMENT_TARGET = 18.1;
				LD_RUNPATH_SEARCH_PATHS = "@executable_path/Frameworks";
				"LD_RUNPATH_SEARCH_PATHS[sdk=macosx*]" = "@executable_path/../Frameworks";
				MACOSX_DEPLOYMENT_TARGET = 15.1;
				MARKETING_VERSION = 1.0;
				PRODUCT_BUNDLE_IDENTIFIER = "com.morteza.NX-Content";
				PRODUCT_NAME = "$(TARGET_NAME)";
				SDKROOT = auto;
				SUPPORTED_PLATFORMS = "iphoneos iphonesimulator macosx xros xrsimulator";
				SWIFT_EMIT_LOC_STRINGS = YES;
				SWIFT_VERSION = 5.0;
				TARGETED_DEVICE_FAMILY = "1,2,7";
				XROS_DEPLOYMENT_TARGET = 2.1;
			};
			name = Debug;
		};
		B41EF4FA2D7C938000AE7B73 /* Release */ = {
			isa = XCBuildConfiguration;
			buildSettings = {
				ASSETCATALOG_COMPILER_APPICON_NAME = AppIcon;
				ASSETCATALOG_COMPILER_GLOBAL_ACCENT_COLOR_NAME = AccentColor;
				CODE_SIGN_ENTITLEMENTS = "NX-Content/NX_Content.entitlements";
				CODE_SIGN_STYLE = Automatic;
				CURRENT_PROJECT_VERSION = 1;
				DEVELOPMENT_ASSET_PATHS = "\"NX-Content/Preview Content\"";
				DEVELOPMENT_TEAM = "";
				ENABLE_HARDENED_RUNTIME = YES;
				ENABLE_PREVIEWS = YES;
				GENERATE_INFOPLIST_FILE = YES;
				INFOPLIST_FILE = "NX-Content/Info.plist";
				"INFOPLIST_KEY_UIApplicationSceneManifest_Generation[sdk=iphoneos*]" = YES;
				"INFOPLIST_KEY_UIApplicationSceneManifest_Generation[sdk=iphonesimulator*]" = YES;
				"INFOPLIST_KEY_UIApplicationSupportsIndirectInputEvents[sdk=iphoneos*]" = YES;
				"INFOPLIST_KEY_UIApplicationSupportsIndirectInputEvents[sdk=iphonesimulator*]" = YES;
				"INFOPLIST_KEY_UILaunchScreen_Generation[sdk=iphoneos*]" = YES;
				"INFOPLIST_KEY_UILaunchScreen_Generation[sdk=iphonesimulator*]" = YES;
				"INFOPLIST_KEY_UIStatusBarStyle[sdk=iphoneos*]" = UIStatusBarStyleDefault;
				"INFOPLIST_KEY_UIStatusBarStyle[sdk=iphonesimulator*]" = UIStatusBarStyleDefault;
				INFOPLIST_KEY_UISupportedInterfaceOrientations_iPad = "UIInterfaceOrientationPortrait UIInterfaceOrientationPortraitUpsideDown UIInterfaceOrientationLandscapeLeft UIInterfaceOrientationLandscapeRight";
				INFOPLIST_KEY_UISupportedInterfaceOrientations_iPhone = "UIInterfaceOrientationPortrait UIInterfaceOrientationLandscapeLeft UIInterfaceOrientationLandscapeRight";
				IPHONEOS_DEPLOYMENT_TARGET = 18.1;
				LD_RUNPATH_SEARCH_PATHS = "@executable_path/Frameworks";
				"LD_RUNPATH_SEARCH_PATHS[sdk=macosx*]" = "@executable_path/../Frameworks";
				MACOSX_DEPLOYMENT_TARGET = 15.1;
				MARKETING_VERSION = 1.0;
				PRODUCT_BUNDLE_IDENTIFIER = "com.morteza.NX-Content";
				PRODUCT_NAME = "$(TARGET_NAME)";
				SDKROOT = auto;
				SUPPORTED_PLATFORMS = "iphoneos iphonesimulator macosx xros xrsimulator";
				SWIFT_EMIT_LOC_STRINGS = YES;
				SWIFT_VERSION = 5.0;
				TARGETED_DEVICE_FAMILY = "1,2,7";
				XROS_DEPLOYMENT_TARGET = 2.1;
			};
			name = Release;
		};
/* End XCBuildConfiguration section */

/* Begin XCConfigurationList section */
		B41EF4E42D7C937E00AE7B73 /* Build configuration list for PBXProject "NX-Content" */ = {
			isa = XCConfigurationList;
			buildConfigurations = (
				B41EF4F62D7C938000AE7B73 /* Debug */,
				B41EF4F72D7C938000AE7B73 /* Release */,
			);
			defaultConfigurationIsVisible = 0;
			defaultConfigurationName = Release;
		};
		B41EF4F82D7C938000AE7B73 /* Build configuration list for PBXNativeTarget "NX-Content" */ = {
			isa = XCConfigurationList;
			buildConfigurations = (
				B41EF4F92D7C938000AE7B73 /* Debug */,
				B41EF4FA2D7C938000AE7B73 /* Release */,
			);
			defaultConfigurationIsVisible = 0;
			defaultConfigurationName = Release;
		};
/* End XCConfigurationList section */

/* Begin XCRemoteSwiftPackageReference section */
		B41EF50C2D7CA9FD00AE7B73 /* XCRemoteSwiftPackageReference "SDWebImageSwiftUI" */ = {
			isa = XCRemoteSwiftPackageReference;
			repositoryURL = "https://github.com/SDWebImage/SDWebImageSwiftUI.git";
			requirement = {
				kind = upToNextMajorVersion;
				minimumVersion = 3.1.3;
			};
		};
/* End XCRemoteSwiftPackageReference section */

/* Begin XCSwiftPackageProductDependency section */
		B41EF50D2D7CA9FD00AE7B73 /* SDWebImageSwiftUI */ = {
			isa = XCSwiftPackageProductDependency;
			package = B41EF50C2D7CA9FD00AE7B73 /* XCRemoteSwiftPackageReference "SDWebImageSwiftUI" */;
			productName = SDWebImageSwiftUI;
		};
/* End XCSwiftPackageProductDependency section */
	};
	rootObject = B41EF4E12D7C937E00AE7B73 /* Project object */;
}
